
Microsoft Visual Studio Solution File, Format Version 12.00
# Visual Studio Version 16
VisualStudioVersion = 16.0.32413.511
MinimumVisualStudioVersion = 10.0.40219.1
Project("{8BC9CEB8-8B4A-11D0-8D11-00A0C91BC942}") = "LearnOpenGL", "LearnOpenGL.vcxproj", "{1C592D47-AE4A-4CD5-ACB6-88B2B4759299}"
EndProject
Global
	GlobalSection(SolutionConfigurationPlatforms) = preSolution
		Debug|x64 = Debug|x64
		Debug|x86 = Debug|x86
		Release|x64 = Release|x64
		Release|x86 = Release|x86
	EndGlobalSection
	GlobalSection(ProjectConfigurationPlatforms) = postSolution
		{1C592D47-AE4A-4CD5-ACB6-88B2B4759299}.Debug|x64.ActiveCfg = Debug|x64
		{1C592D47-AE4A-4CD5-ACB6-88B2B4759299}.Debug|x64.Build.0 = Debug|x64
		{1C592D47-AE4A-4CD5-ACB6-88B2B4759299}.Debug|x86.ActiveCfg = Debug|Win32
		{1C592D47-AE4A-4CD5-ACB6-88B2B4759299}.Debug|x86.Build.0 = Debug|Win32
		{1C592D47-AE4A-4CD5-ACB6-88B2B4759299}.Release|x64.ActiveCfg = Release|x64
		{1C592D47-AE4A-4CD5-ACB6-88B2B4759299}.Release|x64.Build.0 = Release|x64
		{1C592D47-AE4A-4CD5-ACB6-88B2B4759299}.Release|x86.ActiveCfg = Release|Win32
		{1C592D47-AE4A-4CD5-ACB6-88B2B4759299}.Release|x86.Build.0 = Release|Win32
	EndGlobalSection
	GlobalSection(SolutionProperties) = preSolution
		HideSolutionNode = FALSE
	EndGlobalSection
	GlobalSection(ExtensibilityGlobals) = postSolution
		SolutionGuid = {BA534BA8-39D5-4818-907A-3DE9B30A68A9}
	EndGlobalSection
EndGlobal
